{
  "name": "websocket-js-client",
  "version": "1.0.0",
  "lockfileVersion": 2,
  "requires": true,
  "packages": {
    "": {
      "name": "websocket-js-client",
      "version": "1.0.0",
      "license": "ISC",
      "dependencies": {
        "@aws-crypto/sha256-universal": "^5.0.0",
        "@aws-sdk/protocol-http": "^3.370.0",
        "@aws-sdk/signature-v4": "^3.370.0",
        "dotenv": "^16.3.1",
        "ws": "^8.13.0"
      }
    },
    "node_modules/@aws-crypto/crc32": {
      "version": "3.0.0",
      "resolved": "https://registry.npmjs.org/@aws-crypto/crc32/-/crc32-3.0.0.tgz",
      "integrity": "sha512-IzSgsrxUcsrejQbPVilIKy16kAT52EwB6zSaI+M3xxIhKh5+aldEyvI+z6erM7TCLB2BJsFrtHjp6/4/sr+3dA==",
      "dependencies": {
        "@aws-crypto/util": "^3.0.0",
        "@aws-sdk/types": "^3.222.0",
        "tslib": "^1.11.1"
      }
    },
    "node_modules/@aws-crypto/crc32/node_modules/tslib": {
      "version": "1.14.1",
      "resolved": "https://registry.npmjs.org/tslib/-/tslib-1.14.1.tgz",
      "integrity": "sha512-Xni35NKzjgMrwevysHTCArtLDpPvye8zV/0E4EyYn43P7/7qvQwPh9BGkHewbMulVntbigmcT7rdX3BNo9wRJg=="
    },
    "node_modules/@aws-crypto/sha256-browser": {
      "version": "5.0.0",
      "resolved": "https://registry.npmjs.org/@aws-crypto/sha256-browser/-/sha256-browser-5.0.0.tgz",
      "integrity": "sha512-HbeXj/AThtsJUPaADU16Qd3/VE8eIR92p8I4uA0zwvhFrY3iB10dWav3BkSiVztkEWDNPDX739wREEydGG64Pg==",
      "dependencies": {
        "@aws-crypto/sha256-js": "^5.0.0",
        "@aws-crypto/supports-web-crypto": "^5.0.0",
        "@aws-crypto/util": "^5.0.0",
        "@aws-sdk/types": "^3.222.0",
        "@aws-sdk/util-locate-window": "^3.0.0",
        "@aws-sdk/util-utf8-browser": "^3.0.0",
        "tslib": "^1.11.1"
      }
    },
    "node_modules/@aws-crypto/sha256-browser/node_modules/@aws-crypto/util": {
      "version": "5.0.0",
      "resolved": "https://registry.npmjs.org/@aws-crypto/util/-/util-5.0.0.tgz",
      "integrity": "sha512-1GYqLdYRe96idcCltlqxdJ68OWE6ADT8qGLmVi7PVHKl8AxD2EWSbJSSevPq2eTx6vaPZpkr1RoZ3lcw/uGoEA==",
      "dependencies": {
        "@aws-sdk/types": "^3.222.0",
        "@aws-sdk/util-utf8-browser": "^3.0.0",
        "tslib": "^1.11.1"
      }
    },
    "node_modules/@aws-crypto/sha256-browser/node_modules/tslib": {
      "version": "1.14.1",
      "resolved": "https://registry.npmjs.org/tslib/-/tslib-1.14.1.tgz",
      "integrity": "sha512-Xni35NKzjgMrwevysHTCArtLDpPvye8zV/0E4EyYn43P7/7qvQwPh9BGkHewbMulVntbigmcT7rdX3BNo9wRJg=="
    },
    "node_modules/@aws-crypto/sha256-js": {
      "version": "5.0.0",
      "resolved": "https://registry.npmjs.org/@aws-crypto/sha256-js/-/sha256-js-5.0.0.tgz",
      "integrity": "sha512-g+u9iKkaQVp9Mjoxq1IJSHj9NHGZF441+R/GIH0dn7u4mix5QQ4VqgpppHrNm1LzjUzb0BpcFGsBXP6cOVf+ZQ==",
      "dependencies": {
        "@aws-crypto/util": "^5.0.0",
        "@aws-sdk/types": "^3.222.0",
        "tslib": "^1.11.1"
      },
      "engines": {
        "node": ">=16.0.0"
      }
    },
    "node_modules/@aws-crypto/sha256-js/node_modules/@aws-crypto/util": {
      "version": "5.0.0",
      "resolved": "https://registry.npmjs.org/@aws-crypto/util/-/util-5.0.0.tgz",
      "integrity": "sha512-1GYqLdYRe96idcCltlqxdJ68OWE6ADT8qGLmVi7PVHKl8AxD2EWSbJSSevPq2eTx6vaPZpkr1RoZ3lcw/uGoEA==",
      "dependencies": {
        "@aws-sdk/types": "^3.222.0",
        "@aws-sdk/util-utf8-browser": "^3.0.0",
        "tslib": "^1.11.1"
      }
    },
    "node_modules/@aws-crypto/sha256-js/node_modules/tslib": {
      "version": "1.14.1",
      "resolved": "https://registry.npmjs.org/tslib/-/tslib-1.14.1.tgz",
      "integrity": "sha512-Xni35NKzjgMrwevysHTCArtLDpPvye8zV/0E4EyYn43P7/7qvQwPh9BGkHewbMulVntbigmcT7rdX3BNo9wRJg=="
    },
    "node_modules/@aws-crypto/sha256-universal": {
      "version": "5.0.0",
      "resolved": "https://registry.npmjs.org/@aws-crypto/sha256-universal/-/sha256-universal-5.0.0.tgz",
      "integrity": "sha512-UNzXljjw8edfsKFAQGsOiJJ68lptdIoDKvTAcoXLaIOaBHWxv+XuSWkNwg9Top6EGVABcghxtZnXiIDk5TNvvA==",
      "dependencies": {
        "@aws-crypto/sha256-browser": "^5.0.0",
        "@aws-sdk/hash-node": "^3.110.0",
        "@aws-sdk/types": "^3.222.0",
        "tslib": "^1.11.1"
      },
      "engines": {
        "node": ">=16.0.0"
      }
    },
    "node_modules/@aws-crypto/sha256-universal/node_modules/tslib": {
      "version": "1.14.1",
      "resolved": "https://registry.npmjs.org/tslib/-/tslib-1.14.1.tgz",
      "integrity": "sha512-Xni35NKzjgMrwevysHTCArtLDpPvye8zV/0E4EyYn43P7/7qvQwPh9BGkHewbMulVntbigmcT7rdX3BNo9wRJg=="
    },
    "node_modules/@aws-crypto/supports-web-crypto": {
      "version": "5.0.0",
      "resolved": "https://registry.npmjs.org/@aws-crypto/supports-web-crypto/-/supports-web-crypto-5.0.0.tgz",
      "integrity": "sha512-sUdCftb1fT4NIIj++wp6ZjQ7dKnTFiyTcC4AgsGjNAPbYPSXm3Zgr0qIAGwZ3F0/K4VTR276LwK+wa0xn/kL/g==",
      "dependencies": {
        "tslib": "^1.11.1"
      }
    },
    "node_modules/@aws-crypto/supports-web-crypto/node_modules/tslib": {
      "version": "1.14.1",
      "resolved": "https://registry.npmjs.org/tslib/-/tslib-1.14.1.tgz",
      "integrity": "sha512-Xni35NKzjgMrwevysHTCArtLDpPvye8zV/0E4EyYn43P7/7qvQwPh9BGkHewbMulVntbigmcT7rdX3BNo9wRJg=="
    },
    "node_modules/@aws-crypto/util": {
      "version": "3.0.0",
      "resolved": "https://registry.npmjs.org/@aws-crypto/util/-/util-3.0.0.tgz",
      "integrity": "sha512-2OJlpeJpCR48CC8r+uKVChzs9Iungj9wkZrl8Z041DWEWvyIHILYKCPNzJghKsivj+S3mLo6BVc7mBNzdxA46w==",
      "dependencies": {
        "@aws-sdk/types": "^3.222.0",
        "@aws-sdk/util-utf8-browser": "^3.0.0",
        "tslib": "^1.11.1"
      }
    },
    "node_modules/@aws-crypto/util/node_modules/tslib": {
      "version": "1.14.1",
      "resolved": "https://registry.npmjs.org/tslib/-/tslib-1.14.1.tgz",
      "integrity": "sha512-Xni35NKzjgMrwevysHTCArtLDpPvye8zV/0E4EyYn43P7/7qvQwPh9BGkHewbMulVntbigmcT7rdX3BNo9wRJg=="
    },
    "node_modules/@aws-sdk/eventstream-codec": {
      "version": "3.370.0",
      "resolved": "https://registry.npmjs.org/@aws-sdk/eventstream-codec/-/eventstream-codec-3.370.0.tgz",
      "integrity": "sha512-PiaDMum7TNsIE3DGECSsNYwibBIPN2/e13BJbTwi6KgVx8BV2mYA3kQkaUDiy++tEpzN81Nh5OPTFVb7bvgYYg==",
      "dependencies": {
        "@aws-crypto/crc32": "3.0.0",
        "@aws-sdk/types": "3.370.0",
        "@aws-sdk/util-hex-encoding": "3.310.0",
        "tslib": "^2.5.0"
      }
    },
    "node_modules/@aws-sdk/hash-node": {
      "version": "3.370.0",
      "resolved": "https://registry.npmjs.org/@aws-sdk/hash-node/-/hash-node-3.370.0.tgz",
      "integrity": "sha512-0hpiWn4rCvXrqQj+LQiiXOpf5YaPphZX5pX6XI79QBHI4b1rUwoS4reobXvecTMb6uN39HTXA8dE7ZPeAej8dg==",
      "dependencies": {
        "@aws-sdk/types": "3.370.0",
        "@aws-sdk/util-buffer-from": "3.310.0",
        "@aws-sdk/util-utf8": "3.310.0",
        "tslib": "^2.5.0"
      },
      "engines": {
        "node": ">=14.0.0"
      }
    },
    "node_modules/@aws-sdk/is-array-buffer": {
      "version": "3.310.0",
      "resolved": "https://registry.npmjs.org/@aws-sdk/is-array-buffer/-/is-array-buffer-3.310.0.tgz",
      "integrity": "sha512-urnbcCR+h9NWUnmOtet/s4ghvzsidFmspfhYaHAmSRdy9yDjdjBJMFjjsn85A1ODUktztm+cVncXjQ38WCMjMQ==",
      "dependencies": {
        "tslib": "^2.5.0"
      },
      "engines": {
        "node": ">=14.0.0"
      }
    },
    "node_modules/@aws-sdk/protocol-http": {
      "version": "3.370.0",
      "resolved": "https://registry.npmjs.org/@aws-sdk/protocol-http/-/protocol-http-3.370.0.tgz",
      "integrity": "sha512-MfZCgSsVmir+4kJps7xT0awOPNi+swBpcVp9ZtAP7POduUVV6zVLurMNLXsppKsErggssD5E9HUgQFs5w06U4Q==",
      "dependencies": {
        "@aws-sdk/types": "3.370.0",
        "tslib": "^2.5.0"
      },
      "engines": {
        "node": ">=14.0.0"
      }
    },
    "node_modules/@aws-sdk/signature-v4": {
      "version": "3.370.0",
      "resolved": "https://registry.npmjs.org/@aws-sdk/signature-v4/-/signature-v4-3.370.0.tgz",
      "integrity": "sha512-Mh++NJiXoBxMzz4d8GQPNB37nqjS1gsVwjKoSAWFE67sjgsjb8D5JWRCm9CinqPoXi2iN57+1DcQalTDKQGc0A==",
      "dependencies": {
        "@aws-sdk/eventstream-codec": "3.370.0",
        "@aws-sdk/is-array-buffer": "3.310.0",
        "@aws-sdk/types": "3.370.0",
        "@aws-sdk/util-hex-encoding": "3.310.0",
        "@aws-sdk/util-middleware": "3.370.0",
        "@aws-sdk/util-uri-escape": "3.310.0",
        "@aws-sdk/util-utf8": "3.310.0",
        "tslib": "^2.5.0"
      },
      "engines": {
        "node": ">=14.0.0"
      }
    },
    "node_modules/@aws-sdk/types": {
      "version": "3.370.0",
      "resolved": "https://registry.npmjs.org/@aws-sdk/types/-/types-3.370.0.tgz",
      "integrity": "sha512-8PGMKklSkRKjunFhzM2y5Jm0H2TBu7YRNISdYzXLUHKSP9zlMEYagseKVdmox0zKHf1LXVNuSlUV2b6SRrieCQ==",
      "dependencies": {
        "@smithy/types": "^1.1.0",
        "tslib": "^2.5.0"
      },
      "engines": {
        "node": ">=14.0.0"
      }
    },
    "node_modules/@aws-sdk/util-buffer-from": {
      "version": "3.310.0",
      "resolved": "https://registry.npmjs.org/@aws-sdk/util-buffer-from/-/util-buffer-from-3.310.0.tgz",
      "integrity": "sha512-i6LVeXFtGih5Zs8enLrt+ExXY92QV25jtEnTKHsmlFqFAuL3VBeod6boeMXkN2p9lbSVVQ1sAOOYZOHYbYkntw==",
      "dependencies": {
        "@aws-sdk/is-array-buffer": "3.310.0",
        "tslib": "^2.5.0"
      },
      "engines": {
        "node": ">=14.0.0"
      }
    },
    "node_modules/@aws-sdk/util-hex-encoding": {
      "version": "3.310.0",
      "resolved": "https://registry.npmjs.org/@aws-sdk/util-hex-encoding/-/util-hex-encoding-3.310.0.tgz",
      "integrity": "sha512-sVN7mcCCDSJ67pI1ZMtk84SKGqyix6/0A1Ab163YKn+lFBQRMKexleZzpYzNGxYzmQS6VanP/cfU7NiLQOaSfA==",
      "dependencies": {
        "tslib": "^2.5.0"
      },
      "engines": {
        "node": ">=14.0.0"
      }
    },
    "node_modules/@aws-sdk/util-locate-window": {
      "version": "3.310.0",
      "resolved": "https://registry.npmjs.org/@aws-sdk/util-locate-window/-/util-locate-window-3.310.0.tgz",
      "integrity": "sha512-qo2t/vBTnoXpjKxlsC2e1gBrRm80M3bId27r0BRB2VniSSe7bL1mmzM+/HFtujm0iAxtPM+aLEflLJlJeDPg0w==",
      "dependencies": {
        "tslib": "^2.5.0"
      },
      "engines": {
        "node": ">=14.0.0"
      }
    },
    "node_modules/@aws-sdk/util-middleware": {
      "version": "3.370.0",
      "resolved": "https://registry.npmjs.org/@aws-sdk/util-middleware/-/util-middleware-3.370.0.tgz",
      "integrity": "sha512-Jvs9FZHaQznWGLkRel3PFEP93I1n0Kp6356zxYHk3LIOmjpzoob3R+v96mzyN+dZrnhPdPubYS41qbU2F9lROg==",
      "dependencies": {
        "tslib": "^2.5.0"
      },
      "engines": {
        "node": ">=14.0.0"
      }
    },
    "node_modules/@aws-sdk/util-uri-escape": {
      "version": "3.310.0",
      "resolved": "https://registry.npmjs.org/@aws-sdk/util-uri-escape/-/util-uri-escape-3.310.0.tgz",
      "integrity": "sha512-drzt+aB2qo2LgtDoiy/3sVG8w63cgLkqFIa2NFlGpUgHFWTXkqtbgf4L5QdjRGKWhmZsnqkbtL7vkSWEcYDJ4Q==",
      "dependencies": {
        "tslib": "^2.5.0"
      },
      "engines": {
        "node": ">=14.0.0"
      }
    },
    "node_modules/@aws-sdk/util-utf8": {
      "version": "3.310.0",
      "resolved": "https://registry.npmjs.org/@aws-sdk/util-utf8/-/util-utf8-3.310.0.tgz",
      "integrity": "sha512-DnLfFT8uCO22uOJc0pt0DsSNau1GTisngBCDw8jQuWT5CqogMJu4b/uXmwEqfj8B3GX6Xsz8zOd6JpRlPftQoA==",
      "dependencies": {
        "@aws-sdk/util-buffer-from": "3.310.0",
        "tslib": "^2.5.0"
      },
      "engines": {
        "node": ">=14.0.0"
      }
    },
    "node_modules/@aws-sdk/util-utf8-browser": {
      "version": "3.259.0",
      "resolved": "https://registry.npmjs.org/@aws-sdk/util-utf8-browser/-/util-utf8-browser-3.259.0.tgz",
      "integrity": "sha512-UvFa/vR+e19XookZF8RzFZBrw2EUkQWxiBW0yYQAhvk3C+QVGl0H3ouca8LDBlBfQKXwmW3huo/59H8rwb1wJw==",
      "dependencies": {
        "tslib": "^2.3.1"
      }
    },
    "node_modules/@smithy/types": {
      "version": "1.1.1",
      "resolved": "https://registry.npmjs.org/@smithy/types/-/types-1.1.1.tgz",
      "integrity": "sha512-tMpkreknl2gRrniHeBtdgQwaOlo39df8RxSrwsHVNIGXULy5XP6KqgScUw2m12D15wnJCKWxVhCX+wbrBW/y7g==",
      "dependencies": {
        "tslib": "^2.5.0"
      },
      "engines": {
        "node": ">=14.0.0"
      }
    },
    "node_modules/dotenv": {
      "version": "16.3.1",
      "resolved": "https://registry.npmjs.org/dotenv/-/dotenv-16.3.1.tgz",
      "integrity": "sha512-IPzF4w4/Rd94bA9imS68tZBaYyBWSCE47V1RGuMrB94iyTOIEwRmVL2x/4An+6mETpLrKJ5hQkB8W4kFAadeIQ==",
      "engines": {
        "node": ">=12"
      },
      "funding": {
        "url": "https://github.com/motdotla/dotenv?sponsor=1"
      }
    },
    "node_modules/tslib": {
      "version": "2.6.0",
      "resolved": "https://registry.npmjs.org/tslib/-/tslib-2.6.0.tgz",
      "integrity": "sha512-7At1WUettjcSRHXCyYtTselblcHl9PJFFVKiCAy/bY97+BPZXSQ2wbq0P9s8tK2G7dFQfNnlJnPAiArVBVBsfA=="
    },
    "node_modules/ws": {
      "version": "8.13.0",
      "resolved": "https://registry.npmjs.org/ws/-/ws-8.13.0.tgz",
      "integrity": "sha512-x9vcZYTrFPC7aSIbj7sRCYo7L/Xb8Iy+pW0ng0wt2vCJv7M9HOMy0UoN3rr+IFC7hb7vXoqS+P9ktyLLLhO+LA==",
      "engines": {
        "node": ">=10.0.0"
      },
      "peerDependencies": {
        "bufferutil": "^4.0.1",
        "utf-8-validate": ">=5.0.2"
      },
      "peerDependenciesMeta": {
        "bufferutil": {
          "optional": true
        },
        "utf-8-validate": {
          "optional": true
        }
      }
    }
  },
  "dependencies": {
    "@aws-crypto/crc32": {
      "version": "3.0.0",
      "resolved": "https://registry.npmjs.org/@aws-crypto/crc32/-/crc32-3.0.0.tgz",
      "integrity": "sha512-IzSgsrxUcsrejQbPVilIKy16kAT52EwB6zSaI+M3xxIhKh5+aldEyvI+z6erM7TCLB2BJsFrtHjp6/4/sr+3dA==",
      "requires": {
        "@aws-crypto/util": "^3.0.0",
        "@aws-sdk/types": "^3.222.0",
        "tslib": "^1.11.1"
      },
      "dependencies": {
        "tslib": {
          "version": "1.14.1",
          "resolved": "https://registry.npmjs.org/tslib/-/tslib-1.14.1.tgz",
          "integrity": "sha512-Xni35NKzjgMrwevysHTCArtLDpPvye8zV/0E4EyYn43P7/7qvQwPh9BGkHewbMulVntbigmcT7rdX3BNo9wRJg=="
        }
      }
    },
    "@aws-crypto/sha256-browser": {
      "version": "5.0.0",
      "resolved": "https://registry.npmjs.org/@aws-crypto/sha256-browser/-/sha256-browser-5.0.0.tgz",
      "integrity": "sha512-HbeXj/AThtsJUPaADU16Qd3/VE8eIR92p8I4uA0zwvhFrY3iB10dWav3BkSiVztkEWDNPDX739wREEydGG64Pg==",
      "requires": {
        "@aws-crypto/sha256-js": "^5.0.0",
        "@aws-crypto/supports-web-crypto": "^5.0.0",
        "@aws-crypto/util": "^5.0.0",
        "@aws-sdk/types": "^3.222.0",
        "@aws-sdk/util-locate-window": "^3.0.0",
        "@aws-sdk/util-utf8-browser": "^3.0.0",
        "tslib": "^1.11.1"
      },
      "dependencies": {
        "@aws-crypto/util": {
          "version": "5.0.0",
          "resolved": "https://registry.npmjs.org/@aws-crypto/util/-/util-5.0.0.tgz",
          "integrity": "sha512-1GYqLdYRe96idcCltlqxdJ68OWE6ADT8qGLmVi7PVHKl8AxD2EWSbJSSevPq2eTx6vaPZpkr1RoZ3lcw/uGoEA==",
          "requires": {
            "@aws-sdk/types": "^3.222.0",
            "@aws-sdk/util-utf8-browser": "^3.0.0",
            "tslib": "^1.11.1"
          }
        },
        "tslib": {
          "version": "1.14.1",
          "resolved": "https://registry.npmjs.org/tslib/-/tslib-1.14.1.tgz",
          "integrity": "sha512-Xni35NKzjgMrwevysHTCArtLDpPvye8zV/0E4EyYn43P7/7qvQwPh9BGkHewbMulVntbigmcT7rdX3BNo9wRJg=="
        }
      }
    },
    "@aws-crypto/sha256-js": {
      "version": "5.0.0",
      "resolved": "https://registry.npmjs.org/@aws-crypto/sha256-js/-/sha256-js-5.0.0.tgz",
      "integrity": "sha512-g+u9iKkaQVp9Mjoxq1IJSHj9NHGZF441+R/GIH0dn7u4mix5QQ4VqgpppHrNm1LzjUzb0BpcFGsBXP6cOVf+ZQ==",
      "requires": {
        "@aws-crypto/util": "^5.0.0",
        "@aws-sdk/types": "^3.222.0",
        "tslib": "^1.11.1"
      },
      "dependencies": {
        "@aws-crypto/util": {
          "version": "5.0.0",
          "resolved": "https://registry.npmjs.org/@aws-crypto/util/-/util-5.0.0.tgz",
          "integrity": "sha512-1GYqLdYRe96idcCltlqxdJ68OWE6ADT8qGLmVi7PVHKl8AxD2EWSbJSSevPq2eTx6vaPZpkr1RoZ3lcw/uGoEA==",
          "requires": {
            "@aws-sdk/types": "^3.222.0",
            "@aws-sdk/util-utf8-browser": "^3.0.0",
            "tslib": "^1.11.1"
          }
        },
        "tslib": {
          "version": "1.14.1",
          "resolved": "https://registry.npmjs.org/tslib/-/tslib-1.14.1.tgz",
          "integrity": "sha512-Xni35NKzjgMrwevysHTCArtLDpPvye8zV/0E4EyYn43P7/7qvQwPh9BGkHewbMulVntbigmcT7rdX3BNo9wRJg=="
        }
      }
    },
    "@aws-crypto/sha256-universal": {
      "version": "5.0.0",
      "resolved": "https://registry.npmjs.org/@aws-crypto/sha256-universal/-/sha256-universal-5.0.0.tgz",
      "integrity": "sha512-UNzXljjw8edfsKFAQGsOiJJ68lptdIoDKvTAcoXLaIOaBHWxv+XuSWkNwg9Top6EGVABcghxtZnXiIDk5TNvvA==",
      "requires": {
        "@aws-crypto/sha256-browser": "^5.0.0",
        "@aws-sdk/hash-node": "^3.110.0",
        "@aws-sdk/types": "^3.222.0",
        "tslib": "^1.11.1"
      },
      "dependencies": {
        "tslib": {
          "version": "1.14.1",
          "resolved": "https://registry.npmjs.org/tslib/-/tslib-1.14.1.tgz",
          "integrity": "sha512-Xni35NKzjgMrwevysHTCArtLDpPvye8zV/0E4EyYn43P7/7qvQwPh9BGkHewbMulVntbigmcT7rdX3BNo9wRJg=="
        }
      }
    },
    "@aws-crypto/supports-web-crypto": {
      "version": "5.0.0",
      "resolved": "https://registry.npmjs.org/@aws-crypto/supports-web-crypto/-/supports-web-crypto-5.0.0.tgz",
      "integrity": "sha512-sUdCftb1fT4NIIj++wp6ZjQ7dKnTFiyTcC4AgsGjNAPbYPSXm3Zgr0qIAGwZ3F0/K4VTR276LwK+wa0xn/kL/g==",
      "requires": {
        "tslib": "^1.11.1"
      },
      "dependencies": {
        "tslib": {
          "version": "1.14.1",
          "resolved": "https://registry.npmjs.org/tslib/-/tslib-1.14.1.tgz",
          "integrity": "sha512-Xni35NKzjgMrwevysHTCArtLDpPvye8zV/0E4EyYn43P7/7qvQwPh9BGkHewbMulVntbigmcT7rdX3BNo9wRJg=="
        }
      }
    },
    "@aws-crypto/util": {
      "version": "3.0.0",
      "resolved": "https://registry.npmjs.org/@aws-crypto/util/-/util-3.0.0.tgz",
      "integrity": "sha512-2OJlpeJpCR48CC8r+uKVChzs9Iungj9wkZrl8Z041DWEWvyIHILYKCPNzJghKsivj+S3mLo6BVc7mBNzdxA46w==",
      "requires": {
        "@aws-sdk/types": "^3.222.0",
        "@aws-sdk/util-utf8-browser": "^3.0.0",
        "tslib": "^1.11.1"
      },
      "dependencies": {
        "tslib": {
          "version": "1.14.1",
          "resolved": "https://registry.npmjs.org/tslib/-/tslib-1.14.1.tgz",
          "integrity": "sha512-Xni35NKzjgMrwevysHTCArtLDpPvye8zV/0E4EyYn43P7/7qvQwPh9BGkHewbMulVntbigmcT7rdX3BNo9wRJg=="
        }
      }
    },
    "@aws-sdk/eventstream-codec": {
      "version": "3.370.0",
      "resolved": "https://registry.npmjs.org/@aws-sdk/eventstream-codec/-/eventstream-codec-3.370.0.tgz",
      "integrity": "sha512-PiaDMum7TNsIE3DGECSsNYwibBIPN2/e13BJbTwi6KgVx8BV2mYA3kQkaUDiy++tEpzN81Nh5OPTFVb7bvgYYg==",
      "requires": {
        "@aws-crypto/crc32": "3.0.0",
        "@aws-sdk/types": "3.370.0",
        "@aws-sdk/util-hex-encoding": "3.310.0",
        "tslib": "^2.5.0"
      }
    },
    "@aws-sdk/hash-node": {
      "version": "3.370.0",
      "resolved": "https://registry.npmjs.org/@aws-sdk/hash-node/-/hash-node-3.370.0.tgz",
      "integrity": "sha512-0hpiWn4rCvXrqQj+LQiiXOpf5YaPphZX5pX6XI79QBHI4b1rUwoS4reobXvecTMb6uN39HTXA8dE7ZPeAej8dg==",
      "requires": {
        "@aws-sdk/types": "3.370.0",
        "@aws-sdk/util-buffer-from": "3.310.0",
        "@aws-sdk/util-utf8": "3.310.0",
        "tslib": "^2.5.0"
      }
    },
    "@aws-sdk/is-array-buffer": {
      "version": "3.310.0",
      "resolved": "https://registry.npmjs.org/@aws-sdk/is-array-buffer/-/is-array-buffer-3.310.0.tgz",
      "integrity": "sha512-urnbcCR+h9NWUnmOtet/s4ghvzsidFmspfhYaHAmSRdy9yDjdjBJMFjjsn85A1ODUktztm+cVncXjQ38WCMjMQ==",
      "requires": {
        "tslib": "^2.5.0"
      }
    },
    "@aws-sdk/protocol-http": {
      "version": "3.370.0",
      "resolved": "https://registry.npmjs.org/@aws-sdk/protocol-http/-/protocol-http-3.370.0.tgz",
      "integrity": "sha512-MfZCgSsVmir+4kJps7xT0awOPNi+swBpcVp9ZtAP7POduUVV6zVLurMNLXsppKsErggssD5E9HUgQFs5w06U4Q==",
      "requires": {
        "@aws-sdk/types": "3.370.0",
        "tslib": "^2.5.0"
      }
    },
    "@aws-sdk/signature-v4": {
      "version": "3.370.0",
      "resolved": "https://registry.npmjs.org/@aws-sdk/signature-v4/-/signature-v4-3.370.0.tgz",
      "integrity": "sha512-Mh++NJiXoBxMzz4d8GQPNB37nqjS1gsVwjKoSAWFE67sjgsjb8D5JWRCm9CinqPoXi2iN57+1DcQalTDKQGc0A==",
      "requires": {
        "@aws-sdk/eventstream-codec": "3.370.0",
        "@aws-sdk/is-array-buffer": "3.310.0",
        "@aws-sdk/types": "3.370.0",
        "@aws-sdk/util-hex-encoding": "3.310.0",
        "@aws-sdk/util-middleware": "3.370.0",
        "@aws-sdk/util-uri-escape": "3.310.0",
        "@aws-sdk/util-utf8": "3.310.0",
        "tslib": "^2.5.0"
      }
    },
    "@aws-sdk/types": {
      "version": "3.370.0",
      "resolved": "https://registry.npmjs.org/@aws-sdk/types/-/types-3.370.0.tgz",
      "integrity": "sha512-8PGMKklSkRKjunFhzM2y5Jm0H2TBu7YRNISdYzXLUHKSP9zlMEYagseKVdmox0zKHf1LXVNuSlUV2b6SRrieCQ==",
      "requires": {
        "@smithy/types": "^1.1.0",
        "tslib": "^2.5.0"
      }
    },
    "@aws-sdk/util-buffer-from": {
      "version": "3.310.0",
      "resolved": "https://registry.npmjs.org/@aws-sdk/util-buffer-from/-/util-buffer-from-3.310.0.tgz",
      "integrity": "sha512-i6LVeXFtGih5Zs8enLrt+ExXY92QV25jtEnTKHsmlFqFAuL3VBeod6boeMXkN2p9lbSVVQ1sAOOYZOHYbYkntw==",
      "requires": {
        "@aws-sdk/is-array-buffer": "3.310.0",
        "tslib": "^2.5.0"
      }
    },
    "@aws-sdk/util-hex-encoding": {
      "version": "3.310.0",
      "resolved": "https://registry.npmjs.org/@aws-sdk/util-hex-encoding/-/util-hex-encoding-3.310.0.tgz",
      "integrity": "sha512-sVN7mcCCDSJ67pI1ZMtk84SKGqyix6/0A1Ab163YKn+lFBQRMKexleZzpYzNGxYzmQS6VanP/cfU7NiLQOaSfA==",
      "requires": {
        "tslib": "^2.5.0"
      }
    },
    "@aws-sdk/util-locate-window": {
      "version": "3.310.0",
      "resolved": "https://registry.npmjs.org/@aws-sdk/util-locate-window/-/util-locate-window-3.310.0.tgz",
      "integrity": "sha512-qo2t/vBTnoXpjKxlsC2e1gBrRm80M3bId27r0BRB2VniSSe7bL1mmzM+/HFtujm0iAxtPM+aLEflLJlJeDPg0w==",
      "requires": {
        "tslib": "^2.5.0"
      }
    },
    "@aws-sdk/util-middleware": {
      "version": "3.370.0",
      "resolved": "https://registry.npmjs.org/@aws-sdk/util-middleware/-/util-middleware-3.370.0.tgz",
      "integrity": "sha512-Jvs9FZHaQznWGLkRel3PFEP93I1n0Kp6356zxYHk3LIOmjpzoob3R+v96mzyN+dZrnhPdPubYS41qbU2F9lROg==",
      "requires": {
        "tslib": "^2.5.0"
      }
    },
    "@aws-sdk/util-uri-escape": {
      "version": "3.310.0",
      "resolved": "https://registry.npmjs.org/@aws-sdk/util-uri-escape/-/util-uri-escape-3.310.0.tgz",
      "integrity": "sha512-drzt+aB2qo2LgtDoiy/3sVG8w63cgLkqFIa2NFlGpUgHFWTXkqtbgf4L5QdjRGKWhmZsnqkbtL7vkSWEcYDJ4Q==",
      "requires": {
        "tslib": "^2.5.0"
      }
    },
    "@aws-sdk/util-utf8": {
      "version": "3.310.0",
      "resolved": "https://registry.npmjs.org/@aws-sdk/util-utf8/-/util-utf8-3.310.0.tgz",
      "integrity": "sha512-DnLfFT8uCO22uOJc0pt0DsSNau1GTisngBCDw8jQuWT5CqogMJu4b/uXmwEqfj8B3GX6Xsz8zOd6JpRlPftQoA==",
      "requires": {
        "@aws-sdk/util-buffer-from": "3.310.0",
        "tslib": "^2.5.0"
      }
    },
    "@aws-sdk/util-utf8-browser": {
      "version": "3.259.0",
      "resolved": "https://registry.npmjs.org/@aws-sdk/util-utf8-browser/-/util-utf8-browser-3.259.0.tgz",
      "integrity": "sha512-UvFa/vR+e19XookZF8RzFZBrw2EUkQWxiBW0yYQAhvk3C+QVGl0H3ouca8LDBlBfQKXwmW3huo/59H8rwb1wJw==",
      "requires": {
        "tslib": "^2.3.1"
      }
    },
    "@smithy/types": {
      "version": "1.1.1",
      "resolved": "https://registry.npmjs.org/@smithy/types/-/types-1.1.1.tgz",
      "integrity": "sha512-tMpkreknl2gRrniHeBtdgQwaOlo39df8RxSrwsHVNIGXULy5XP6KqgScUw2m12D15wnJCKWxVhCX+wbrBW/y7g==",
      "requires": {
        "tslib": "^2.5.0"
      }
    },
    "dotenv": {
      "version": "16.3.1",
      "resolved": "https://registry.npmjs.org/dotenv/-/dotenv-16.3.1.tgz",
      "integrity": "sha512-IPzF4w4/Rd94bA9imS68tZBaYyBWSCE47V1RGuMrB94iyTOIEwRmVL2x/4An+6mETpLrKJ5hQkB8W4kFAadeIQ=="
    },
    "tslib": {
      "version": "2.6.0",
      "resolved": "https://registry.npmjs.org/tslib/-/tslib-2.6.0.tgz",
      "integrity": "sha512-7At1WUettjcSRHXCyYtTselblcHl9PJFFVKiCAy/bY97+BPZXSQ2wbq0P9s8tK2G7dFQfNnlJnPAiArVBVBsfA=="
    },
    "ws": {
      "version": "8.13.0",
      "resolved": "https://registry.npmjs.org/ws/-/ws-8.13.0.tgz",
      "integrity": "sha512-x9vcZYTrFPC7aSIbj7sRCYo7L/Xb8Iy+pW0ng0wt2vCJv7M9HOMy0UoN3rr+IFC7hb7vXoqS+P9ktyLLLhO+LA==",
      "requires": {}
    }
  }
}
